// !$*UTF8*$!
{
	archiveVersion = 1;
	classes = {
	};
	objectVersion = 56;
	objects = {

/* Begin PBXBuildFile section */
		1D4A5A2B2C9F8E5A00123456 /* TimeManagerAIApp.swift in Sources */ = {isa = PBXBuildFile; fileRef = 1D4A5A2A2C9F8E5A00123456 /* TimeManagerAIApp.swift */; };
		1D4A5A2D2C9F8E5A00123456 /* ContentView.swift in Sources */ = {isa = PBXBuildFile; fileRef = 1D4A5A2C2C9F8E5A00123456 /* ContentView.swift */; };
		1D4A5A2F2C9F8E5C00123456 /* Assets.xcassets in Resources */ = {isa = PBXBuildFile; fileRef = 1D4A5A2E2C9F8E5C00123456 /* Assets.xcassets */; };
		1D4A5A322C9F8E5C00123456 /* Preview Assets.xcassets in Resources */ = {isa = PBXBuildFile; fileRef = 1D4A5A312C9F8E5C00123456 /* Preview Assets.xcassets */; };
		1D4A5A342C9F8E5C00123456 /* DataModel.xcdatamodeld in Sources */ = {isa = PBXBuildFile; fileRef = 1D4A5A322C9F8E5C00123456 /* DataModel.xcdatamodeld */; };
		1D4A5A402C9F8E6000123456 /* TaskActivityWidget.swift in Sources */ = {isa = PBXBuildFile; fileRef = 1D4A5A3F2C9F8E6000123456 /* TaskActivityWidget.swift */; };
		1D4A5A422C9F8E6000123456 /* TaskActivityWidgetBundle.swift in Sources */ = {isa = PBXBuildFile; fileRef = 1D4A5A412C9F8E6000123456 /* TaskActivityWidgetBundle.swift */; };
/* End PBXBuildFile section */

/* Begin PBXFileReference section */
		1D4A5A272C9F8E5A00123456 /* TimeManagerAI.app */ = {isa = PBXFileReference; explicitFileType = wrapper.application; includeInIndex = 0; path = TimeManagerAI.app; sourceTree = BUILT_PRODUCTS_DIR; };
		1D4A5A2A2C9F8E5A00123456 /* TimeManagerAIApp.swift */ = {isa = PBXFileReference; lastKnownFileType = sourcecode.swift; path = TimeManagerAIApp.swift; sourceTree = "<group>"; };
		1D4A5A2C2C9F8E5A00123456 /* ContentView.swift */ = {isa = PBXFileReference; lastKnownFileType = sourcecode.swift; path = ContentView.swift; sourceTree = "<group>"; };
		1D4A5A2E2C9F8E5C00123456 /* Assets.xcassets */ = {isa = PBXFileReference; lastKnownFileType = folder.assetcatalog; path = Assets.xcassets; sourceTree = "<group>"; };
		1D4A5A312C9F8E5C00123456 /* Preview Assets.xcassets */ = {isa = PBXFileReference; lastKnownFileType = folder.assetcatalog; path = "Preview Assets.xcassets"; sourceTree = "<group>"; };
		1D4A5A332C9F8E5C00123456 /* DataModel.xcdatamodel */ = {isa = PBXFileReference; lastKnownFileType = wrapper.xcdatamodel; path = DataModel.xcdatamodel; sourceTree = "<group>"; };
		1D4A5A352C9F8E5C00123456 /* Info.plist */ = {isa = PBXFileReference; lastKnownFileType = text.plist.xml; path = Info.plist; sourceTree = "<group>"; };
		1D4A5A3F2C9F8E6000123456 /* TaskActivityWidget.swift */ = {isa = PBXFileReference; lastKnownFileType = sourcecode.swift; path = TaskActivityWidget.swift; sourceTree = "<group>"; };
		1D4A5A412C9F8E6000123456 /* TaskActivityWidgetBundle.swift */ = {isa = PBXFileReference; lastKnownFileType = sourcecode.swift; path = TaskActivityWidgetBundle.swift; sourceTree = "<group>"; };
/* End PBXFileReference section */

/* Begin PBXFrameworksBuildPhase section */
		1D4A5A242C9F8E5A00123456 /* Frameworks */ = {
			isa = PBXFrameworksBuildPhase;
			buildActionMask = 2147483647;
			files = (
			);
			runOnlyForDeploymentPostprocessing = 0;
		};
/* End PBXFrameworksBuildPhase section */

/* Begin PBXGroup section */
		1D4A5A1E2C9F8E5A00123456 = {
			isa = PBXGroup;
			children = (
				1D4A5A292C9F8E5A00123456 /* TimeManagerAI */,
				1D4A5A282C9F8E5A00123456 /* Products */,
			);
			sourceTree = "<group>";
		};
		1D4A5A282C9F8E5A00123456 /* Products */ = {
			isa = PBXGroup;
			children = (
				1D4A5A272C9F8E5A00123456 /* TimeManagerAI.app */,
			);
			name = Products;
			sourceTree = "<group>";
		};
		1D4A5A292C9F8E5A00123456 /* TimeManagerAI */ = {
			isa = PBXGroup;
			children = (
				1D4A5A3A2C9F8F1200123456 /* App */,
				1D4A5A3B2C9F8F1800123456 /* Models */,
				1D4A5A3C2C9F8F1E00123456 /* Views */,
				1D4A5A3D2C9F8F2400123456 /* ViewModels */,
				1D4A5A3E2C9F8F2A00123456 /* Services */,
				1D4A5A3F2C9F8F3000123456 /* Utilities */,
				1D4A5A432C9F8E6100123456 /* TaskActivityWidget */,
				1D4A5A2E2C9F8E5C00123456 /* Assets.xcassets */,
				1D4A5A352C9F8E5C00123456 /* Info.plist */,
				1D4A5A322C9F8E5C00123456 /* DataModel.xcdatamodeld */,
				1D4A5A302C9F8E5C00123456 /* Preview Content */,
			);
			path = TimeManagerAI;
			sourceTree = "<group>";
		};
		1D4A5A302C9F8E5C00123456 /* Preview Content */ = {
			isa = PBXGroup;
			children = (
				1D4A5A312C9F8E5C00123456 /* Preview Assets.xcassets */,
			);
			path = "Preview Content";
			sourceTree = "<group>";
		};
		1D4A5A3A2C9F8F1200123456 /* App */ = {
			isa = PBXGroup;
			children = (
				1D4A5A2A2C9F8E5A00123456 /* TimeManagerAIApp.swift */,
				1D4A5A2C2C9F8E5A00123456 /* ContentView.swift */,
			);
			path = App;
			sourceTree = "<group>";
		};
		1D4A5A3B2C9F8F1800123456 /* Models */ = {
			isa = PBXGroup;
			children = (
			);
			path = Models;
			sourceTree = "<group>";
		};
		1D4A5A3C2C9F8F1E00123456 /* Views */ = {
			isa = PBXGroup;
			children = (
			);
			path = Views;
			sourceTree = "<group>";
		};
		1D4A5A3D2C9F8F2400123456 /* ViewModels */ = {
			isa = PBXGroup;
			children = (
			);
			path = ViewModels;
			sourceTree = "<group>";
		};
		1D4A5A3E2C9F8F2A00123456 /* Services */ = {
			isa = PBXGroup;
			children = (
			);
			path = Services;
			sourceTree = "<group>";
		};
		1D4A5A3F2C9F8F3000123456 /* Utilities */ = {
			isa = PBXGroup;
			children = (
			);
			path = Utilities;
			sourceTree = "<group>";
		};
		1D4A5A432C9F8E6100123456 /* TaskActivityWidget */ = {
			isa = PBXGroup;
			children = (
				1D4A5A3F2C9F8E6000123456 /* TaskActivityWidget.swift */,
				1D4A5A412C9F8E6000123456 /* TaskActivityWidgetBundle.swift */,
			);
			path = TaskActivityWidget;
			sourceTree = "<group>";
		};
/* End PBXGroup section */

/* Begin PBXNativeTarget section */
		1D4A5A262C9F8E5A00123456 /* TimeManagerAI */ = {
			isa = PBXNativeTarget;
			buildConfigurationList = 1D4A5A362C9F8E5C00123456 /* Build configuration list for PBXNativeTarget "TimeManagerAI" */;
			buildPhases = (
				1D4A5A232C9F8E5A00123456 /* Sources */,
				1D4A5A242C9F8E5A00123456 /* Frameworks */,
				1D4A5A252C9F8E5A00123456 /* Resources */,
			);
			buildRules = (
			);
			dependencies = (
			);
			name = TimeManagerAI;
			productName = TimeManagerAI;
			productReference = 1D4A5A272C9F8E5A00123456 /* TimeManagerAI.app */;
			productType = "com.apple.product-type.application";
		};
/* End PBXNativeTarget section */

/* Begin PBXProject section */
		1D4A5A1F2C9F8E5A00123456 /* Project object */ = {
			isa = PBXProject;
			attributes = {
				BuildIndependentTargetsInParallel = 1;
				LastSwiftUpdateCheck = 1500;
				LastUpgradeCheck = 1500;
				TargetAttributes = {
					1D4A5A262C9F8E5A00123456 = {
						CreatedOnToolsVersion = 15.0;
					};
				};
			};
			buildConfigurationList = 1D4A5A222C9F8E5A00123456 /* Build configuration list for PBXProject "TimeManagerAI" */;
			compatibilityVersion = "Xcode 14.0";
			developmentRegion = en;
			hasScannedForEncodings = 0;
			knownRegions = (
				en,
				Base,
			);
			mainGroup = 1D4A5A1E2C9F8E5A00123456;
			productRefGroup = 1D4A5A282C9F8E5A00123456 /* Products */;
			projectDirPath = "";
			projectRoot = "";
			targets = (
				1D4A5A262C9F8E5A00123456 /* TimeManagerAI */,
			);
		};
/* End PBXProject section */

/* Begin PBXResourcesBuildPhase section */
		1D4A5A252C9F8E5A00123456 /* Resources */ = {
			isa = PBXResourcesBuildPhase;
			buildActionMask = 2147483647;
			files = (
				1D4A5A322C9F8E5C00123456 /* Preview Assets.xcassets in Resources */,
				1D4A5A2F2C9F8E5C00123456 /* Assets.xcassets in Resources */,
			);
			runOnlyForDeploymentPostprocessing = 0;
		};
/* End PBXResourcesBuildPhase section */

/* Begin PBXSourcesBuildPhase section */
		1D4A5A232C9F8E5A00123456 /* Sources */ = {
			isa = PBXSourcesBuildPhase;
			buildActionMask = 2147483647;
			files = (
				1D4A5A2D2C9F8E5A00123456 /* ContentView.swift in Sources */,
				1D4A5A342C9F8E5C00123456 /* DataModel.xcdatamodeld in Sources */,
				1D4A5A2B2C9F8E5A00123456 /* TimeManagerAIApp.swift in Sources */,
				1D4A5A402C9F8E6000123456 /* TaskActivityWidget.swift in Sources */,
				1D4A5A422C9F8E6000123456 /* TaskActivityWidgetBundle.swift in Sources */,
			);
			runOnlyForDeploymentPostprocessing = 0;
		};
/* End PBXSourcesBuildPhase section */

/* Begin XCBuildConfiguration section */
		1D4A5A372C9F8E5C00123456 /* Debug */ = {
			isa = XCBuildConfiguration;
			buildSettings = {
				ALWAYS_SEARCH_USER_PATHS = NO;
				ASSETCATALOG_COMPILER_GENERATE_SWIFT_ASSET_SYMBOL_EXTENSIONS = YES;
				CLANG_ANALYZER_NONNULL = YES;
				CLANG_ANALYZER_NUMBER_OBJECT_CONVERSION = YES_AGGRESSIVE;
				CLANG_CXX_LANGUAGE_STANDARD = "gnu++20";
				CLANG_ENABLE_MODULES = YES;
				CLANG_ENABLE_OBJC_ARC = YES;
				CLANG_ENABLE_OBJC_WEAK = YES;
				CLANG_WARN_BLOCK_CAPTURE_AUTORELEASING = YES;
				CLANG_WARN_BOOL_CONVERSION = YES;
				CLANG_WARN_COMMA = YES;
				CLANG_WARN_CONSTANT_CONVERSION = YES;
				CLANG_WARN_DEPRECATED_OBJC_IMPLEMENTATIONS = YES;
				CLANG_WARN_DIRECT_OBJC_ISA_USAGE = YES_ERROR;
				CLANG_WARN_DOCUMENTATION_COMMENTS = YES;
				CLANG_WARN_EMPTY_BODY = YES;
				CLANG_WARN_ENUM_CONVERSION = YES;
				CLANG_WARN_INFINITE_RECURSION = YES;
				CLANG_WARN_INT_CONVERSION = YES;
				CLANG_WARN_NON_LITERAL_NULL_CONVERSION = YES;
				CLANG_WARN_OBJC_IMPLICIT_RETAIN_SELF = YES;
				CLANG_WARN_OBJC_LITERAL_CONVERSION = YES;
				CLANG_WARN_OBJC_ROOT_CLASS = YES_ERROR;
				CLANG_WARN_QUOTED_INCLUDE_IN_FRAMEWORK_HEADER = YES;
				CLANG_WARN_RANGE_LOOP_ANALYSIS = YES;
				CLANG_WARN_STRICT_PROTOTYPES = YES;
				CLANG_WARN_SUSPICIOUS_MOVE = YES;
				CLANG_WARN_UNGUARDED_AVAILABILITY = YES_AGGRESSIVE;
				CLANG_WARN_UNREACHABLE_CODE = YES;
				CLANG_WARN__DUPLICATE_METHOD_MATCH = YES;
				COPY_PHASE_STRIP = NO;
				DEBUG_INFORMATION_FORMAT = dwarf;
				ENABLE_STRICT_OBJC_MSGSEND = YES;
				ENABLE_TESTABILITY = YES;
				ENABLE_USER_SCRIPT_SANDBOXING = YES;
				GCC_C_LANGUAGE_STANDARD = gnu17;
				GCC_DYNAMIC_NO_PIC = NO;
				GCC_NO_COMMON_BLOCKS = YES;
				GCC_OPTIMIZATION_LEVEL = 0;
				GCC_PREPROCESSOR_DEFINITIONS = (
					"DEBUG=1",
					"$(inherited)",
				);
				GCC_WARN_64_TO_32_BIT_CONVERSION = YES;
				GCC_WARN_ABOUT_RETURN_TYPE = YES_ERROR;
				GCC_WARN_UNDECLARED_SELECTOR = YES;
				GCC_WARN_UNINITIALIZED_AUTOS = YES_AGGRESSIVE;
				GCC_WARN_UNUSED_FUNCTION = YES;
				GCC_WARN_UNUSED_VARIABLE = YES;
				IPHONEOS_DEPLOYMENT_TARGET = 17.0;
				LOCALIZATION_PREFERS_STRING_CATALOGS = YES;
				MTL_ENABLE_DEBUG_INFO = INCLUDE_SOURCE;
				MTL_FAST_MATH = YES;
				ONLY_ACTIVE_ARCH = YES;
				SDKROOT = iphoneos;
				SWIFT_ACTIVE_COMPILATION_CONDITIONS = "DEBUG $(inherited)";
				SWIFT_OPTIMIZATION_LEVEL = "-Onone";
			};
			name = Debug;
		};
		1D4A5A382C9F8E5C00123456 /* Release */ = {
			isa = XCBuildConfiguration;
			buildSettings = {
				ALWAYS_SEARCH_USER_PATHS = NO;
				ASSETCATALOG_COMPILER_GENERATE_SWIFT_ASSET_SYMBOL_EXTENSIONS = YES;
				CLANG_ANALYZER_NONNULL = YES;
				CLANG_ANALYZER_NUMBER_OBJECT_CONVERSION = YES_AGGRESSIVE;
				CLANG_CXX_LANGUAGE_STANDARD = "gnu++20";
				CLANG_ENABLE_MODULES = YES;
				CLANG_ENABLE_OBJC_ARC = YES;
				CLANG_ENABLE_OBJC_WEAK = YES;
				CLANG_WARN_BLOCK_CAPTURE_AUTORELEASING = YES;
				CLANG_WARN_BOOL_CONVERSION = YES;
				CLANG_WARN_COMMA = YES;
				CLANG_WARN_CONSTANT_CONVERSION = YES;
				CLANG_WARN_DEPRECATED_OBJC_IMPLEMENTATIONS = YES;
				CLANG_WARN_DIRECT_OBJC_ISA_USAGE = YES_ERROR;
				CLANG_WARN_DOCUMENTATION_COMMENTS = YES;
				CLANG_WARN_EMPTY_BODY = YES;
				CLANG_WARN_ENUM_CONVERSION = YES;
				CLANG_WARN_INFINITE_RECURSION = YES;
				CLANG_WARN_INT_CONVERSION = YES;
				CLANG_WARN_NON_LITERAL_NULL_CONVERSION = YES;
				CLANG_WARN_OBJC_IMPLICIT_RETAIN_SELF = YES;
				CLANG_WARN_OBJC_LITERAL_CONVERSION = YES;
				CLANG_WARN_OBJC_ROOT_CLASS = YES_ERROR;
				CLANG_WARN_QUOTED_INCLUDE_IN_FRAMEWORK_HEADER = YES;
				CLANG_WARN_RANGE_LOOP_ANALYSIS = YES;
				CLANG_WARN_STRICT_PROTOTYPES = YES;
				CLANG_WARN_SUSPICIOUS_MOVE = YES;
				CLANG_WARN_UNGUARDED_AVAILABILITY = YES_AGGRESSIVE;
				CLANG_WARN_UNREACHABLE_CODE = YES;
				CLANG_WARN__DUPLICATE_METHOD_MATCH = YES;
				COPY_PHASE_STRIP = NO;
				DEBUG_INFORMATION_FORMAT = "dwarf-with-dsym";
				ENABLE_NS_ASSERTIONS = NO;
				ENABLE_STRICT_OBJC_MSGSEND = YES;
				ENABLE_USER_SCRIPT_SANDBOXING = YES;
				GCC_C_LANGUAGE_STANDARD = gnu17;
				GCC_NO_COMMON_BLOCKS = YES;
				GCC_WARN_64_TO_32_BIT_CONVERSION = YES;
				GCC_WARN_ABOUT_RETURN_TYPE = YES_ERROR;
				GCC_WARN_UNDECLARED_SELECTOR = YES;
				GCC_WARN_UNINITIALIZED_AUTOS = YES_AGGRESSIVE;
				GCC_WARN_UNUSED_FUNCTION = YES;
				GCC_WARN_UNUSED_VARIABLE = YES;
				IPHONEOS_DEPLOYMENT_TARGET = 17.0;
				LOCALIZATION_PREFERS_STRING_CATALOGS = YES;
				MTL_ENABLE_DEBUG_INFO = NO;
				MTL_FAST_MATH = YES;
				SDKROOT = iphoneos;
				SWIFT_COMPILATION_MODE = wholemodule;
				VALIDATE_PRODUCT = YES;
			};
			name = Release;
		};
		1D4A5A392C9F8E5C00123456 /* Debug */ = {
			isa = XCBuildConfiguration;
			buildSettings = {
				ASSETCATALOG_COMPILER_APPICON_NAME = AppIcon;
				ASSETCATALOG_COMPILER_GLOBAL_ACCENT_COLOR_NAME = AccentColor;
				CODE_SIGN_STYLE = Automatic;
				CURRENT_PROJECT_VERSION = 1;
				DEVELOPMENT_ASSET_PATHS = "\"TimeManagerAI/Preview Content\"";
				ENABLE_PREVIEWS = YES;
				GENERATE_INFOPLIST_FILE = YES;
				INFOPLIST_FILE = TimeManagerAI/Info.plist;
				INFOPLIST_KEY_NSMicrophoneUsageDescription = "Time Manager AI needs microphone access to listen to your voice commands for scheduling and task management.";
				INFOPLIST_KEY_UIApplicationSceneManifest_Generation = YES;
				INFOPLIST_KEY_UIApplicationSupportsIndirectInputEvents = YES;
				INFOPLIST_KEY_UILaunchScreen_Generation = YES;
				INFOPLIST_KEY_UISupportedInterfaceOrientations = UIInterfaceOrientationPortrait;
				INFOPLIST_KEY_UISupportedInterfaceOrientations_iPad = "UIInterfaceOrientationPortrait UIInterfaceOrientationPortraitUpsideDown UIInterfaceOrientationLandscapeLeft UIInterfaceOrientationLandscapeRight";
				INFOPLIST_KEY_UISupportedInterfaceOrientations_iPhone = "UIInterfaceOrientationPortrait UIInterfaceOrientationLandscapeLeft UIInterfaceOrientationLandscapeRight";
				LD_RUNPATH_SEARCH_PATHS = (
					"$(inherited)",
					"@executable_path/Frameworks",
				);
				MARKETING_VERSION = 1.0;
				PRODUCT_BUNDLE_IDENTIFIER = com.timemanagerai.app;
				PRODUCT_NAME = "$(TARGET_NAME)";
				SUPPORTED_PLATFORMS = "iphoneos iphonesimulator";
				SUPPORTS_MACCATALYST = NO;
				SUPPORTS_MAC_DESIGNED_FOR_IPHONE_IPAD = NO;
				SWIFT_EMIT_LOC_STRINGS = YES;
				SWIFT_VERSION = 5.0;
				TARGETED_DEVICE_FAMILY = 1;
			};
			name = Debug;
		};
		1D4A5A3A2C9F8E5C00123456 /* Release */ = {
			isa = XCBuildConfiguration;
			buildSettings = {
				ASSETCATALOG_COMPILER_APPICON_NAME = AppIcon;
				ASSETCATALOG_COMPILER_GLOBAL_ACCENT_COLOR_NAME = AccentColor;
				CODE_SIGN_STYLE = Automatic;
				CURRENT_PROJECT_VERSION = 1;
				DEVELOPMENT_ASSET_PATHS = "\"TimeManagerAI/Preview Content\"";
				ENABLE_PREVIEWS = YES;
				GENERATE_INFOPLIST_FILE = YES;
				INFOPLIST_FILE = TimeManagerAI/Info.plist;
				INFOPLIST_KEY_NSMicrophoneUsageDescription = "Time Manager AI needs microphone access to listen to your voice commands for scheduling and task management.";
				INFOPLIST_KEY_UIApplicationSceneManifest_Generation = YES;
				INFOPLIST_KEY_UIApplicationSupportsIndirectInputEvents = YES;
				INFOPLIST_KEY_UILaunchScreen_Generation = YES;
				INFOPLIST_KEY_UISupportedInterfaceOrientations = UIInterfaceOrientationPortrait;
				INFOPLIST_KEY_UISupportedInterfaceOrientations_iPad = "UIInterfaceOrientationPortrait UIInterfaceOrientationPortraitUpsideDown UIInterfaceOrientationLandscapeLeft UIInterfaceOrientationLandscapeRight";
				INFOPLIST_KEY_UISupportedInterfaceOrientations_iPhone = "UIInterfaceOrientationPortrait UIInterfaceOrientationLandscapeLeft UIInterfaceOrientationLandscapeRight";
				LD_RUNPATH_SEARCH_PATHS = (
					"$(inherited)",
					"@executable_path/Frameworks",
				);
				MARKETING_VERSION = 1.0;
				PRODUCT_BUNDLE_IDENTIFIER = com.timemanagerai.app;
				PRODUCT_NAME = "$(TARGET_NAME)";
				SUPPORTED_PLATFORMS = "iphoneos iphonesimulator";
				SUPPORTS_MACCATALYST = NO;
				SUPPORTS_MAC_DESIGNED_FOR_IPHONE_IPAD = NO;
				SWIFT_EMIT_LOC_STRINGS = YES;
				SWIFT_VERSION = 5.0;
				TARGETED_DEVICE_FAMILY = 1;
			};
			name = Release;
		};
/* End XCBuildConfiguration section */

/* Begin XCConfigurationList section */
		1D4A5A222C9F8E5A00123456 /* Build configuration list for PBXProject "TimeManagerAI" */ = {
			isa = XCConfigurationList;
			buildConfigurations = (
				1D4A5A372C9F8E5C00123456 /* Debug */,
				1D4A5A382C9F8E5C00123456 /* Release */,
			);
			defaultConfigurationIsVisible = 0;
			defaultConfigurationName = Release;
		};
		1D4A5A362C9F8E5C00123456 /* Build configuration list for PBXNativeTarget "TimeManagerAI" */ = {
			isa = XCConfigurationList;
			buildConfigurations = (
				1D4A5A392C9F8E5C00123456 /* Debug */,
				1D4A5A3A2C9F8E5C00123456 /* Release */,
			);
			defaultConfigurationIsVisible = 0;
			defaultConfigurationName = Release;
		};
/* End XCConfigurationList section */

/* Begin XCVersionGroup section */
		1D4A5A322C9F8E5C00123456 /* DataModel.xcdatamodeld */ = {
			isa = XCVersionGroup;
			children = (
				1D4A5A332C9F8E5C00123456 /* DataModel.xcdatamodel */,
			);
			currentVersion = 1D4A5A332C9F8E5C00123456 /* DataModel.xcdatamodel */;
			path = DataModel.xcdatamodeld;
			sourceTree = "<group>";
			versionGroupType = wrapper.xcdatamodel;
		};
/* End XCVersionGroup section */
	};
	rootObject = 1D4A5A1F2C9F8E5A00123456 /* Project object */;
}